# This file is autogenerated, do not edit; changes may be undone by the next 'dep ensure'.


[[projects]]
  branch = "master"
  name = "github.com/tevino/abool"
  packages = ["."]
  revision = "9b9efcf221b50905aab9bbabd3daed56dc10f339"

[[projects]]
  branch = "master"
  name = "github.com/tevino/tcp-shaker"
  packages = ["."]
  revision = "2d9369c3f044c6e149f329e4dfddb3ce781f6c1f"

[solve-meta]
  analyzer-name = "dep"
  analyzer-version = 1
  inputs-digest = "066ac7b1230fc4de87fd739fdf1713cfbdbcdbd7d58d5ce68a8f7f78da4b97c5"
  solver-name = "gps-cdcl"
  solver-version = 1
